
Microsoft Visual Studio Solution File, Format Version 12.00
# Visual Studio 15
VisualStudioVersion = 15.0.28307.1259
MinimumVisualStudioVersion = 10.0.40219.1
Project("{8BC9CEB8-8B4A-11D0-8D11-00A0C91BC942}") = "奇偶统计", "奇偶统计\奇偶统计.vcxproj", "{032AEB01-F6C3-4676-8EF2-4EE597453437}"
EndProject
Global
	GlobalSection(SolutionConfigurationPlatforms) = preSolution
		Debug|x64 = Debug|x64
		Debug|x86 = Debug|x86
		Release|x64 = Release|x64
		Release|x86 = Release|x86
	EndGlobalSection
	GlobalSection(ProjectConfigurationPlatforms) = postSolution
		{032AEB01-F6C3-4676-8EF2-4EE597453437}.Debug|x64.ActiveCfg = Debug|x64
		{032AEB01-F6C3-4676-8EF2-4EE597453437}.Debug|x64.Build.0 = Debug|x64
		{032AEB01-F6C3-4676-8EF2-4EE597453437}.Debug|x86.ActiveCfg = Debug|Win32
		{032AEB01-F6C3-4676-8EF2-4EE597453437}.Debug|x86.Build.0 = Debug|Win32
		{032AEB01-F6C3-4676-8EF2-4EE597453437}.Release|x64.ActiveCfg = Release|x64
		{032AEB01-F6C3-4676-8EF2-4EE597453437}.Release|x64.Build.0 = Release|x64
		{032AEB01-F6C3-4676-8EF2-4EE597453437}.Release|x86.ActiveCfg = Release|Win32
		{032AEB01-F6C3-4676-8EF2-4EE597453437}.Release|x86.Build.0 = Release|Win32
	EndGlobalSection
	GlobalSection(SolutionProperties) = preSolution
		HideSolutionNode = FALSE
	EndGlobalSection
	GlobalSection(ExtensibilityGlobals) = postSolution
		SolutionGuid = {EA7D5F77-579F-4783-BC63-9A0C507CF756}
	EndGlobalSection
EndGlobal
